
Microsoft Visual Studio Solution File, Format Version 12.00
# Visual Studio Version 17
VisualStudioVersion = 17.7.34221.43
MinimumVisualStudioVersion = 10.0.40219.1
Project("{FAE04EC0-301F-11D3-BF4B-00C04F79EFBC}") = "27.09.23", "27.09.23\27.09.23.csproj", "{4551F052-926C-44B5-9FA0-D99B9318D582}"
EndProject
Project("{FAE04EC0-301F-11D3-BF4B-00C04F79EFBC}") = "10.18.23", "10.18.23\10.18.23.csproj", "{2AEF3920-CE69-49BC-B1B5-7635FADBAD89}"
EndProject
Project("{FAE04EC0-301F-11D3-BF4B-00C04F79EFBC}") = "23.10.23", "23.10.23\23.10.23.csproj", "{9F8EA6B5-26FE-4EFF-8A2B-B5CE39A0FEEF}"
EndProject
Project("{FAE04EC0-301F-11D3-BF4B-00C04F79EFBC}") = "08.11.23", "08.11.23\08.11.23.csproj", "{039C079C-DB50-4923-8B3B-6544365CFC32}"
EndProject
Project("{FAE04EC0-301F-11D3-BF4B-00C04F79EFBC}") = "15.11.23", "15.11.23\15.11.23.csproj", "{D47F3FB9-4578-454F-836D-DAF9EE6F3561}"
EndProject
Project("{FAE04EC0-301F-11D3-BF4B-00C04F79EFBC}") = "15.11.23_1", "15.11.23_1\15.11.23_1.csproj", "{7EAA1D1E-169C-4376-A453-3198D1A5A9AA}"
EndProject
Project("{FAE04EC0-301F-11D3-BF4B-00C04F79EFBC}") = "22.11.23", "22.11.23\22.11.23.csproj", "{18A02598-FF2C-4E3E-8228-E3649178A1B3}"
EndProject
Project("{FAE04EC0-301F-11D3-BF4B-00C04F79EFBC}") = "22.11.23_4", "22.11.23_4\22.11.23_4.csproj", "{42DD8F78-7CBA-46C6-9362-C44E17B624CA}"
EndProject
Project("{FAE04EC0-301F-11D3-BF4B-00C04F79EFBC}") = "05.12.23", "05.12.23\05.12.23.csproj", "{90AF3A5A-38B8-4E2B-B8D4-AB11BE132023}"
EndProject
Project("{FAE04EC0-301F-11D3-BF4B-00C04F79EFBC}") = "05.12.23_1", "05.12.23_1\05.12.23_1.csproj", "{4DEE0797-3FCA-4CAA-A1FB-E3FDAD9B5DFF}"
EndProject
Global
	GlobalSection(SolutionConfigurationPlatforms) = preSolution
		Debug|Any CPU = Debug|Any CPU
		Release|Any CPU = Release|Any CPU
	EndGlobalSection
	GlobalSection(ProjectConfigurationPlatforms) = postSolution
		{4551F052-926C-44B5-9FA0-D99B9318D582}.Debug|Any CPU.ActiveCfg = Debug|Any CPU
		{4551F052-926C-44B5-9FA0-D99B9318D582}.Debug|Any CPU.Build.0 = Debug|Any CPU
		{4551F052-926C-44B5-9FA0-D99B9318D582}.Release|Any CPU.ActiveCfg = Release|Any CPU
		{4551F052-926C-44B5-9FA0-D99B9318D582}.Release|Any CPU.Build.0 = Release|Any CPU
		{2AEF3920-CE69-49BC-B1B5-7635FADBAD89}.Debug|Any CPU.ActiveCfg = Debug|Any CPU
		{2AEF3920-CE69-49BC-B1B5-7635FADBAD89}.Debug|Any CPU.Build.0 = Debug|Any CPU
		{2AEF3920-CE69-49BC-B1B5-7635FADBAD89}.Release|Any CPU.ActiveCfg = Release|Any CPU
		{2AEF3920-CE69-49BC-B1B5-7635FADBAD89}.Release|Any CPU.Build.0 = Release|Any CPU
		{9F8EA6B5-26FE-4EFF-8A2B-B5CE39A0FEEF}.Debug|Any CPU.ActiveCfg = Debug|Any CPU
		{9F8EA6B5-26FE-4EFF-8A2B-B5CE39A0FEEF}.Debug|Any CPU.Build.0 = Debug|Any CPU
		{9F8EA6B5-26FE-4EFF-8A2B-B5CE39A0FEEF}.Release|Any CPU.ActiveCfg = Release|Any CPU
		{9F8EA6B5-26FE-4EFF-8A2B-B5CE39A0FEEF}.Release|Any CPU.Build.0 = Release|Any CPU
		{039C079C-DB50-4923-8B3B-6544365CFC32}.Debug|Any CPU.ActiveCfg = Debug|Any CPU
		{039C079C-DB50-4923-8B3B-6544365CFC32}.Debug|Any CPU.Build.0 = Debug|Any CPU
		{039C079C-DB50-4923-8B3B-6544365CFC32}.Release|Any CPU.ActiveCfg = Release|Any CPU
		{039C079C-DB50-4923-8B3B-6544365CFC32}.Release|Any CPU.Build.0 = Release|Any CPU
		{D47F3FB9-4578-454F-836D-DAF9EE6F3561}.Debug|Any CPU.ActiveCfg = Debug|Any CPU
		{D47F3FB9-4578-454F-836D-DAF9EE6F3561}.Debug|Any CPU.Build.0 = Debug|Any CPU
		{D47F3FB9-4578-454F-836D-DAF9EE6F3561}.Release|Any CPU.ActiveCfg = Release|Any CPU
		{D47F3FB9-4578-454F-836D-DAF9EE6F3561}.Release|Any CPU.Build.0 = Release|Any CPU
		{7EAA1D1E-169C-4376-A453-3198D1A5A9AA}.Debug|Any CPU.ActiveCfg = Debug|Any CPU
		{7EAA1D1E-169C-4376-A453-3198D1A5A9AA}.Debug|Any CPU.Build.0 = Debug|Any CPU
		{7EAA1D1E-169C-4376-A453-3198D1A5A9AA}.Release|Any CPU.ActiveCfg = Release|Any CPU
		{7EAA1D1E-169C-4376-A453-3198D1A5A9AA}.Release|Any CPU.Build.0 = Release|Any CPU
		{18A02598-FF2C-4E3E-8228-E3649178A1B3}.Debug|Any CPU.ActiveCfg = Debug|Any CPU
		{18A02598-FF2C-4E3E-8228-E3649178A1B3}.Debug|Any CPU.Build.0 = Debug|Any CPU
		{18A02598-FF2C-4E3E-8228-E3649178A1B3}.Release|Any CPU.ActiveCfg = Release|Any CPU
		{18A02598-FF2C-4E3E-8228-E3649178A1B3}.Release|Any CPU.Build.0 = Release|Any CPU
		{42DD8F78-7CBA-46C6-9362-C44E17B624CA}.Debug|Any CPU.ActiveCfg = Debug|Any CPU
		{42DD8F78-7CBA-46C6-9362-C44E17B624CA}.Debug|Any CPU.Build.0 = Debug|Any CPU
		{42DD8F78-7CBA-46C6-9362-C44E17B624CA}.Release|Any CPU.ActiveCfg = Release|Any CPU
		{42DD8F78-7CBA-46C6-9362-C44E17B624CA}.Release|Any CPU.Build.0 = Release|Any CPU
		{90AF3A5A-38B8-4E2B-B8D4-AB11BE132023}.Debug|Any CPU.ActiveCfg = Debug|Any CPU
		{90AF3A5A-38B8-4E2B-B8D4-AB11BE132023}.Debug|Any CPU.Build.0 = Debug|Any CPU
		{90AF3A5A-38B8-4E2B-B8D4-AB11BE132023}.Release|Any CPU.ActiveCfg = Release|Any CPU
		{90AF3A5A-38B8-4E2B-B8D4-AB11BE132023}.Release|Any CPU.Build.0 = Release|Any CPU
		{4DEE0797-3FCA-4CAA-A1FB-E3FDAD9B5DFF}.Debug|Any CPU.ActiveCfg = Debug|Any CPU
		{4DEE0797-3FCA-4CAA-A1FB-E3FDAD9B5DFF}.Debug|Any CPU.Build.0 = Debug|Any CPU
		{4DEE0797-3FCA-4CAA-A1FB-E3FDAD9B5DFF}.Release|Any CPU.ActiveCfg = Release|Any CPU
		{4DEE0797-3FCA-4CAA-A1FB-E3FDAD9B5DFF}.Release|Any CPU.Build.0 = Release|Any CPU
	EndGlobalSection
	GlobalSection(SolutionProperties) = preSolution
		HideSolutionNode = FALSE
	EndGlobalSection
	GlobalSection(ExtensibilityGlobals) = postSolution
		SolutionGuid = {AA587F0E-C64F-48C7-A7A6-795EEEBBA874}
	EndGlobalSection
EndGlobal
